
Microsoft Visual Studio Solution File, Format Version 12.00
# Visual Studio 15
Project("{FAE04EC0-301F-11D3-BF4B-00C04F79EFBC}") = "Assembly-CSharp", "Assembly-CSharp.csproj", "{A8E8DAAA-1F2D-7153-D44D-EFCE396A4A1F}"
EndProject
Project("{FAE04EC0-301F-11D3-BF4B-00C04F79EFBC}") = "Assembly-CSharp-Editor", "Assembly-CSharp-Editor.csproj", "{86B77FEB-7E3D-4AFE-EB0D-3B3D0F5BAB63}"
EndProject
Global
	GlobalSection(SolutionConfigurationPlatforms) = preSolution
		Debug|Any CPU = Debug|Any CPU
		Release|Any CPU = Release|Any CPU
	EndGlobalSection
	GlobalSection(ProjectConfigurationPlatforms) = postSolution
		{A8E8DAAA-1F2D-7153-D44D-EFCE396A4A1F}.Debug|Any CPU.ActiveCfg = Debug|Any CPU
		{A8E8DAAA-1F2D-7153-D44D-EFCE396A4A1F}.Debug|Any CPU.Build.0 = Debug|Any CPU
		{A8E8DAAA-1F2D-7153-D44D-EFCE396A4A1F}.Release|Any CPU.ActiveCfg = Release|Any CPU
		{A8E8DAAA-1F2D-7153-D44D-EFCE396A4A1F}.Release|Any CPU.Build.0 = Release|Any CPU
		{86B77FEB-7E3D-4AFE-EB0D-3B3D0F5BAB63}.Debug|Any CPU.ActiveCfg = Debug|Any CPU
		{86B77FEB-7E3D-4AFE-EB0D-3B3D0F5BAB63}.Debug|Any CPU.Build.0 = Debug|Any CPU
		{86B77FEB-7E3D-4AFE-EB0D-3B3D0F5BAB63}.Release|Any CPU.ActiveCfg = Release|Any CPU
		{86B77FEB-7E3D-4AFE-EB0D-3B3D0F5BAB63}.Release|Any CPU.Build.0 = Release|Any CPU
	EndGlobalSection
	GlobalSection(SolutionProperties) = preSolution
		HideSolutionNode = FALSE
	EndGlobalSection
EndGlobal
